
Microsoft Visual Studio Solution File, Format Version 12.00
# Visual Studio Version 17
VisualStudioVersion = 17.0.31919.166
MinimumVisualStudioVersion = 10.0.40219.1
Project("{9A19103F-16F7-4668-BE54-9A1E7A4F7556}") = "Xfs", "Xfs\Xfs.csproj", "{5DA67E5E-3135-4C4B-9955-1A8F32AE968A}"
EndProject
Project("{9A19103F-16F7-4668-BE54-9A1E7A4F7556}") = "XfsClient", "XfsClient\XfsClient.csproj", "{12A2A61B-CCF7-4C02-B603-CB6E1137B0CB}"
EndProject
Project("{9A19103F-16F7-4668-BE54-9A1E7A4F7556}") = "XfsServer", "XfsServer\XfsServer.csproj", "{2A42764C-3998-4814-AC57-D15DEB2E43CB}"
EndProject
Global
	GlobalSection(SolutionConfigurationPlatforms) = preSolution
		Debug|Any CPU = Debug|Any CPU
		Release|Any CPU = Release|Any CPU
	EndGlobalSection
	GlobalSection(ProjectConfigurationPlatforms) = postSolution
		{5DA67E5E-3135-4C4B-9955-1A8F32AE968A}.Debug|Any CPU.ActiveCfg = Debug|Any CPU
		{5DA67E5E-3135-4C4B-9955-1A8F32AE968A}.Debug|Any CPU.Build.0 = Debug|Any CPU
		{5DA67E5E-3135-4C4B-9955-1A8F32AE968A}.Release|Any CPU.ActiveCfg = Release|Any CPU
		{5DA67E5E-3135-4C4B-9955-1A8F32AE968A}.Release|Any CPU.Build.0 = Release|Any CPU
		{12A2A61B-CCF7-4C02-B603-CB6E1137B0CB}.Debug|Any CPU.ActiveCfg = Debug|Any CPU
		{12A2A61B-CCF7-4C02-B603-CB6E1137B0CB}.Debug|Any CPU.Build.0 = Debug|Any CPU
		{12A2A61B-CCF7-4C02-B603-CB6E1137B0CB}.Release|Any CPU.ActiveCfg = Release|Any CPU
		{12A2A61B-CCF7-4C02-B603-CB6E1137B0CB}.Release|Any CPU.Build.0 = Release|Any CPU
		{2A42764C-3998-4814-AC57-D15DEB2E43CB}.Debug|Any CPU.ActiveCfg = Debug|Any CPU
		{2A42764C-3998-4814-AC57-D15DEB2E43CB}.Debug|Any CPU.Build.0 = Debug|Any CPU
		{2A42764C-3998-4814-AC57-D15DEB2E43CB}.Release|Any CPU.ActiveCfg = Release|Any CPU
		{2A42764C-3998-4814-AC57-D15DEB2E43CB}.Release|Any CPU.Build.0 = Release|Any CPU
	EndGlobalSection
	GlobalSection(SolutionProperties) = preSolution
		HideSolutionNode = FALSE
	EndGlobalSection
	GlobalSection(ExtensibilityGlobals) = postSolution
		SolutionGuid = {A7A78432-5364-455A-BA47-B9A2A18B45F3}
	EndGlobalSection
EndGlobal
